// !$*UTF8*$!
{
	archiveVersion = 1;
	classes = {
	};
	objectVersion = 46;
	objects = {

/* Begin PBXBuildFile section */
		229D35021AB3781800A434C4 /* AppDelegate.swift in Sources */ = {isa = PBXBuildFile; fileRef = 229D35011AB3781800A434C4 /* AppDelegate.swift */; };
		229D35041AB3781800A434C4 /* MasterViewController.swift in Sources */ = {isa = PBXBuildFile; fileRef = 229D35031AB3781800A434C4 /* MasterViewController.swift */; };
		229D35061AB3781800A434C4 /* DetailViewController.swift in Sources */ = {isa = PBXBuildFile; fileRef = 229D35051AB3781800A434C4 /* DetailViewController.swift */; };
		229D35091AB3781800A434C4 /* Main.storyboard in Resources */ = {isa = PBXBuildFile; fileRef = 229D35071AB3781800A434C4 /* Main.storyboard */; };
		229D350B1AB3781800A434C4 /* Images.xcassets in Resources */ = {isa = PBXBuildFile; fileRef = 229D350A1AB3781800A434C4 /* Images.xcassets */; };
		229D350E1AB3781800A434C4 /* LaunchScreen.xib in Resources */ = {isa = PBXBuildFile; fileRef = 229D350C1AB3781800A434C4 /* LaunchScreen.xib */; };
		229D351A1AB3781800A434C4 /* MultiLevelSplitTests.swift in Sources */ = {isa = PBXBuildFile; fileRef = 229D35191AB3781800A434C4 /* MultiLevelSplitTests.swift */; };
/* End PBXBuildFile section */

/* Begin PBXContainerItemProxy section */
		229D35141AB3781800A434C4 /* PBXContainerItemProxy */ = {
			isa = PBXContainerItemProxy;
			containerPortal = 229D34F41AB3781800A434C4 /* Project object */;
			proxyType = 1;
			remoteGlobalIDString = 229D34FB1AB3781800A434C4;
			remoteInfo = MultiLevelSplit;
		};
/* End PBXContainerItemProxy section */

/* Begin PBXFileReference section */
		229D34FC1AB3781800A434C4 /* MultiLevelSplit.app */ = {isa = PBXFileReference; explicitFileType = wrapper.application; includeInIndex = 0; path = MultiLevelSplit.app; sourceTree = BUILT_PRODUCTS_DIR; };
		229D35001AB3781800A434C4 /* Info.plist */ = {isa = PBXFileReference; lastKnownFileType = text.plist.xml; path = Info.plist; sourceTree = "<group>"; };
		229D35011AB3781800A434C4 /* AppDelegate.swift */ = {isa = PBXFileReference; lastKnownFileType = sourcecode.swift; path = AppDelegate.swift; sourceTree = "<group>"; };
		229D35031AB3781800A434C4 /* MasterViewController.swift */ = {isa = PBXFileReference; lastKnownFileType = sourcecode.swift; path = MasterViewController.swift; sourceTree = "<group>"; };
		229D35051AB3781800A434C4 /* DetailViewController.swift */ = {isa = PBXFileReference; lastKnownFileType = sourcecode.swift; path = DetailViewController.swift; sourceTree = "<group>"; };
		229D35081AB3781800A434C4 /* Base */ = {isa = PBXFileReference; lastKnownFileType = file.storyboard; name = Base; path = Base.lproj/Main.storyboard; sourceTree = "<group>"; };
		229D350A1AB3781800A434C4 /* Images.xcassets */ = {isa = PBXFileReference; lastKnownFileType = folder.assetcatalog; path = Images.xcassets; sourceTree = "<group>"; };
		229D350D1AB3781800A434C4 /* Base */ = {isa = PBXFileReference; lastKnownFileType = file.xib; name = Base; path = Base.lproj/LaunchScreen.xib; sourceTree = "<group>"; };
		229D35131AB3781800A434C4 /* MultiLevelSplitTests.xctest */ = {isa = PBXFileReference; explicitFileType = wrapper.cfbundle; includeInIndex = 0; path = MultiLevelSplitTests.xctest; sourceTree = BUILT_PRODUCTS_DIR; };
		229D35181AB3781800A434C4 /* Info.plist */ = {isa = PBXFileReference; lastKnownFileType = text.plist.xml; path = Info.plist; sourceTree = "<group>"; };
		229D35191AB3781800A434C4 /* MultiLevelSplitTests.swift */ = {isa = PBXFileReference; lastKnownFileType = sourcecode.swift; path = MultiLevelSplitTests.swift; sourceTree = "<group>"; };
/* End PBXFileReference section */

/* Begin PBXFrameworksBuildPhase section */
		229D34F91AB3781800A434C4 /* Frameworks */ = {
			isa = PBXFrameworksBuildPhase;
			buildActionMask = 2147483647;
			files = (
			);
			runOnlyForDeploymentPostprocessing = 0;
		};
		229D35101AB3781800A434C4 /* Frameworks */ = {
			isa = PBXFrameworksBuildPhase;
			buildActionMask = 2147483647;
			files = (
			);
			runOnlyForDeploymentPostprocessing = 0;
		};
/* End PBXFrameworksBuildPhase section */

/* Begin PBXGroup section */
		229D34F31AB3781800A434C4 = {
			isa = PBXGroup;
			children = (
				229D34FE1AB3781800A434C4 /* MultiLevelSplit */,
				229D35161AB3781800A434C4 /* MultiLevelSplitTests */,
				229D34FD1AB3781800A434C4 /* Products */,
			);
			sourceTree = "<group>";
		};
		229D34FD1AB3781800A434C4 /* Products */ = {
			isa = PBXGroup;
			children = (
				229D34FC1AB3781800A434C4 /* MultiLevelSplit.app */,
				229D35131AB3781800A434C4 /* MultiLevelSplitTests.xctest */,
			);
			name = Products;
			sourceTree = "<group>";
		};
		229D34FE1AB3781800A434C4 /* MultiLevelSplit */ = {
			isa = PBXGroup;
			children = (
				229D35011AB3781800A434C4 /* AppDelegate.swift */,
				229D35031AB3781800A434C4 /* MasterViewController.swift */,
				229D35051AB3781800A434C4 /* DetailViewController.swift */,
				229D35071AB3781800A434C4 /* Main.storyboard */,
				229D350A1AB3781800A434C4 /* Images.xcassets */,
				229D350C1AB3781800A434C4 /* LaunchScreen.xib */,
				229D34FF1AB3781800A434C4 /* Supporting Files */,
			);
			path = MultiLevelSplit;
			sourceTree = "<group>";
		};
		229D34FF1AB3781800A434C4 /* Supporting Files */ = {
			isa = PBXGroup;
			children = (
				229D35001AB3781800A434C4 /* Info.plist */,
			);
			name = "Supporting Files";
			sourceTree = "<group>";
		};
		229D35161AB3781800A434C4 /* MultiLevelSplitTests */ = {
			isa = PBXGroup;
			children = (
				229D35191AB3781800A434C4 /* MultiLevelSplitTests.swift */,
				229D35171AB3781800A434C4 /* Supporting Files */,
			);
			path = MultiLevelSplitTests;
			sourceTree = "<group>";
		};
		229D35171AB3781800A434C4 /* Supporting Files */ = {
			isa = PBXGroup;
			children = (
				229D35181AB3781800A434C4 /* Info.plist */,
			);
			name = "Supporting Files";
			sourceTree = "<group>";
		};
/* End PBXGroup section */

/* Begin PBXNativeTarget section */
		229D34FB1AB3781800A434C4 /* MultiLevelSplit */ = {
			isa = PBXNativeTarget;
			buildConfigurationList = 229D351D1AB3781800A434C4 /* Build configuration list for PBXNativeTarget "MultiLevelSplit" */;
			buildPhases = (
				229D34F81AB3781800A434C4 /* Sources */,
				229D34F91AB3781800A434C4 /* Frameworks */,
				229D34FA1AB3781800A434C4 /* Resources */,
			);
			buildRules = (
			);
			dependencies = (
			);
			name = MultiLevelSplit;
			productName = MultiLevelSplit;
			productReference = 229D34FC1AB3781800A434C4 /* MultiLevelSplit.app */;
			productType = "com.apple.product-type.application";
		};
		229D35121AB3781800A434C4 /* MultiLevelSplitTests */ = {
			isa = PBXNativeTarget;
			buildConfigurationList = 229D35201AB3781800A434C4 /* Build configuration list for PBXNativeTarget "MultiLevelSplitTests" */;
			buildPhases = (
				229D350F1AB3781800A434C4 /* Sources */,
				229D35101AB3781800A434C4 /* Frameworks */,
				229D35111AB3781800A434C4 /* Resources */,
			);
			buildRules = (
			);
			dependencies = (
				229D35151AB3781800A434C4 /* PBXTargetDependency */,
			);
			name = MultiLevelSplitTests;
			productName = MultiLevelSplitTests;
			productReference = 229D35131AB3781800A434C4 /* MultiLevelSplitTests.xctest */;
			productType = "com.apple.product-type.bundle.unit-test";
		};
/* End PBXNativeTarget section */

/* Begin PBXProject section */
		229D34F41AB3781800A434C4 /* Project object */ = {
			isa = PBXProject;
			attributes = {
				LastUpgradeCheck = 0630;
				ORGANIZATIONNAME = SamDavies;
				TargetAttributes = {
					229D34FB1AB3781800A434C4 = {
						CreatedOnToolsVersion = 6.3;
					};
					229D35121AB3781800A434C4 = {
						CreatedOnToolsVersion = 6.3;
						TestTargetID = 229D34FB1AB3781800A434C4;
					};
				};
			};
			buildConfigurationList = 229D34F71AB3781800A434C4 /* Build configuration list for PBXProject "MultiLevelSplit" */;
			compatibilityVersion = "Xcode 3.2";
			developmentRegion = English;
			hasScannedForEncodings = 0;
			knownRegions = (
				en,
				Base,
			);
			mainGroup = 229D34F31AB3781800A434C4;
			productRefGroup = 229D34FD1AB3781800A434C4 /* Products */;
			projectDirPath = "";
			projectRoot = "";
			targets = (
				229D34FB1AB3781800A434C4 /* MultiLevelSplit */,
				229D35121AB3781800A434C4 /* MultiLevelSplitTests */,
			);
		};
/* End PBXProject section */

/* Begin PBXResourcesBuildPhase section */
		229D34FA1AB3781800A434C4 /* Resources */ = {
			isa = PBXResourcesBuildPhase;
			buildActionMask = 2147483647;
			files = (
				229D35091AB3781800A434C4 /* Main.storyboard in Resources */,
				229D350E1AB3781800A434C4 /* LaunchScreen.xib in Resources */,
				229D350B1AB3781800A434C4 /* Images.xcassets in Resources */,
			);
			runOnlyForDeploymentPostprocessing = 0;
		};
		229D35111AB3781800A434C4 /* Resources */ = {
			isa = PBXResourcesBuildPhase;
			buildActionMask = 2147483647;
			files = (
			);
			runOnlyForDeploymentPostprocessing = 0;
		};
/* End PBXResourcesBuildPhase section */

/* Begin PBXSourcesBuildPhase section */
		229D34F81AB3781800A434C4 /* Sources */ = {
			isa = PBXSourcesBuildPhase;
			buildActionMask = 2147483647;
			files = (
				229D35061AB3781800A434C4 /* DetailViewController.swift in Sources */,
				229D35041AB3781800A434C4 /* MasterViewController.swift in Sources */,
				229D35021AB3781800A434C4 /* AppDelegate.swift in Sources */,
			);
			runOnlyForDeploymentPostprocessing = 0;
		};
		229D350F1AB3781800A434C4 /* Sources */ = {
			isa = PBXSourcesBuildPhase;
			buildActionMask = 2147483647;
			files = (
				229D351A1AB3781800A434C4 /* MultiLevelSplitTests.swift in Sources */,
			);
			runOnlyForDeploymentPostprocessing = 0;
		};
/* End PBXSourcesBuildPhase section */

/* Begin PBXTargetDependency section */
		229D35151AB3781800A434C4 /* PBXTargetDependency */ = {
			isa = PBXTargetDependency;
			target = 229D34FB1AB3781800A434C4 /* MultiLevelSplit */;
			targetProxy = 229D35141AB3781800A434C4 /* PBXContainerItemProxy */;
		};
/* End PBXTargetDependency section */

/* Begin PBXVariantGroup section */
		229D35071AB3781800A434C4 /* Main.storyboard */ = {
			isa = PBXVariantGroup;
			children = (
				229D35081AB3781800A434C4 /* Base */,
			);
			name = Main.storyboard;
			sourceTree = "<group>";
		};
		229D350C1AB3781800A434C4 /* LaunchScreen.xib */ = {
			isa = PBXVariantGroup;
			children = (
				229D350D1AB3781800A434C4 /* Base */,
			);
			name = LaunchScreen.xib;
			sourceTree = "<group>";
		};
/* End PBXVariantGroup section */

/* Begin XCBuildConfiguration section */
		229D351B1AB3781800A434C4 /* Debug */ = {
			isa = XCBuildConfiguration;
			buildSettings = {
				ALWAYS_SEARCH_USER_PATHS = NO;
				CLANG_CXX_LANGUAGE_STANDARD = "gnu++0x";
				CLANG_CXX_LIBRARY = "libc++";
				CLANG_ENABLE_MODULES = YES;
				CLANG_ENABLE_OBJC_ARC = YES;
				CLANG_WARN_BOOL_CONVERSION = YES;
				CLANG_WARN_CONSTANT_CONVERSION = YES;
				CLANG_WARN_DIRECT_OBJC_ISA_USAGE = YES_ERROR;
				CLANG_WARN_EMPTY_BODY = YES;
				CLANG_WARN_ENUM_CONVERSION = YES;
				CLANG_WARN_INT_CONVERSION = YES;
				CLANG_WARN_OBJC_ROOT_CLASS = YES_ERROR;
				CLANG_WARN_UNREACHABLE_CODE = YES;
				CLANG_WARN__DUPLICATE_METHOD_MATCH = YES;
				"CODE_SIGN_IDENTITY[sdk=iphoneos*]" = "iPhone Developer";
				COPY_PHASE_STRIP = NO;
				DEBUG_INFORMATION_FORMAT = dwarf;
				ENABLE_STRICT_OBJC_MSGSEND = YES;
				GCC_C_LANGUAGE_STANDARD = gnu99;
				GCC_DYNAMIC_NO_PIC = NO;
				GCC_NO_COMMON_BLOCKS = YES;
				GCC_OPTIMIZATION_LEVEL = 0;
				GCC_PREPROCESSOR_DEFINITIONS = (
					"DEBUG=1",
					"$(inherited)",
				);
				GCC_SYMBOLS_PRIVATE_EXTERN = NO;
				GCC_WARN_64_TO_32_BIT_CONVERSION = YES;
				GCC_WARN_ABOUT_RETURN_TYPE = YES_ERROR;
				GCC_WARN_UNDECLARED_SELECTOR = YES;
				GCC_WARN_UNINITIALIZED_AUTOS = YES_AGGRESSIVE;
				GCC_WARN_UNUSED_FUNCTION = YES;
				GCC_WARN_UNUSED_VARIABLE = YES;
				IPHONEOS_DEPLOYMENT_TARGET = 8.3;
				MTL_ENABLE_DEBUG_INFO = YES;
				ONLY_ACTIVE_ARCH = YES;
				SDKROOT = iphoneos;
				SWIFT_OPTIMIZATION_LEVEL = "-Onone";
				TARGETED_DEVICE_FAMILY = "1,2";
			};
			name = Debug;
		};
		229D351C1AB3781800A434C4 /* Release */ = {
			isa = XCBuildConfiguration;
			buildSettings = {
				ALWAYS_SEARCH_USER_PATHS = NO;
				CLANG_CXX_LANGUAGE_STANDARD = "gnu++0x";
				CLANG_CXX_LIBRARY = "libc++";
				CLANG_ENABLE_MODULES = YES;
				CLANG_ENABLE_OBJC_ARC = YES;
				CLANG_WARN_BOOL_CONVERSION = YES;
				CLANG_WARN_CONSTANT_CONVERSION = YES;
				CLANG_WARN_DIRECT_OBJC_ISA_USAGE = YES_ERROR;
				CLANG_WARN_EMPTY_BODY = YES;
				CLANG_WARN_ENUM_CONVERSION = YES;
				CLANG_WARN_INT_CONVERSION = YES;
				CLANG_WARN_OBJC_ROOT_CLASS = YES_ERROR;
				CLANG_WARN_UNREACHABLE_CODE = YES;
				CLANG_WARN__DUPLICATE_METHOD_MATCH = YES;
				"CODE_SIGN_IDENTITY[sdk=iphoneos*]" = "iPhone Developer";
				COPY_PHASE_STRIP = NO;
				DEBUG_INFORMATION_FORMAT = "dwarf-with-dsym";
				ENABLE_NS_ASSERTIONS = NO;
				ENABLE_STRICT_OBJC_MSGSEND = YES;
				GCC_C_LANGUAGE_STANDARD = gnu99;
				GCC_NO_COMMON_BLOCKS = YES;
				GCC_WARN_64_TO_32_BIT_CONVERSION = YES;
				GCC_WARN_ABOUT_RETURN_TYPE = YES_ERROR;
				GCC_WARN_UNDECLARED_SELECTOR = YES;
				GCC_WARN_UNINITIALIZED_AUTOS = YES_AGGRESSIVE;
				GCC_WARN_UNUSED_FUNCTION = YES;
				GCC_WARN_UNUSED_VARIABLE = YES;
				IPHONEOS_DEPLOYMENT_TARGET = 8.3;
				MTL_ENABLE_DEBUG_INFO = NO;
				SDKROOT = iphoneos;
				TARGETED_DEVICE_FAMILY = "1,2";
				VALIDATE_PRODUCT = YES;
			};
			name = Release;
		};
		229D351E1AB3781800A434C4 /* Debug */ = {
			isa = XCBuildConfiguration;
			buildSettings = {
				ASSETCATALOG_COMPILER_APPICON_NAME = AppIcon;
				INFOPLIST_FILE = MultiLevelSplit/Info.plist;
				LD_RUNPATH_SEARCH_PATHS = "$(inherited) @executable_path/Frameworks";
				PRODUCT_NAME = "$(TARGET_NAME)";
			};
			name = Debug;
		};
		229D351F1AB3781800A434C4 /* Release */ = {
			isa = XCBuildConfiguration;
			buildSettings = {
				ASSETCATALOG_COMPILER_APPICON_NAME = AppIcon;
				INFOPLIST_FILE = MultiLevelSplit/Info.plist;
				LD_RUNPATH_SEARCH_PATHS = "$(inherited) @executable_path/Frameworks";
				PRODUCT_NAME = "$(TARGET_NAME)";
			};
			name = Release;
		};
		229D35211AB3781800A434C4 /* Debug */ = {
			isa = XCBuildConfiguration;
			buildSettings = {
				BUNDLE_LOADER = "$(TEST_HOST)";
				FRAMEWORK_SEARCH_PATHS = (
					"$(SDKROOT)/Developer/Library/Frameworks",
					"$(inherited)",
				);
				GCC_PREPROCESSOR_DEFINITIONS = (
					"DEBUG=1",
					"$(inherited)",
				);
				INFOPLIST_FILE = MultiLevelSplitTests/Info.plist;
				LD_RUNPATH_SEARCH_PATHS = "$(inherited) @executable_path/Frameworks @loader_path/Frameworks";
				PRODUCT_NAME = "$(TARGET_NAME)";
				TEST_HOST = "$(BUILT_PRODUCTS_DIR)/MultiLevelSplit.app/MultiLevelSplit";
			};
			name = Debug;
		};
		229D35221AB3781800A434C4 /* Release */ = {
			isa = XCBuildConfiguration;
			buildSettings = {
				BUNDLE_LOADER = "$(TEST_HOST)";
				FRAMEWORK_SEARCH_PATHS = (
					"$(SDKROOT)/Developer/Library/Frameworks",
					"$(inherited)",
				);
				INFOPLIST_FILE = MultiLevelSplitTests/Info.plist;
				LD_RUNPATH_SEARCH_PATHS = "$(inherited) @executable_path/Frameworks @loader_path/Frameworks";
				PRODUCT_NAME = "$(TARGET_NAME)";
				TEST_HOST = "$(BUILT_PRODUCTS_DIR)/MultiLevelSplit.app/MultiLevelSplit";
			};
			name = Release;
		};
/* End XCBuildConfiguration section */

/* Begin XCConfigurationList section */
		229D34F71AB3781800A434C4 /* Build configuration list for PBXProject "MultiLevelSplit" */ = {
			isa = XCConfigurationList;
			buildConfigurations = (
				229D351B1AB3781800A434C4 /* Debug */,
				229D351C1AB3781800A434C4 /* Release */,
			);
			defaultConfigurationIsVisible = 0;
			defaultConfigurationName = Release;
		};
		229D351D1AB3781800A434C4 /* Build configuration list for PBXNativeTarget "MultiLevelSplit" */ = {
			isa = XCConfigurationList;
			buildConfigurations = (
				229D351E1AB3781800A434C4 /* Debug */,
				229D351F1AB3781800A434C4 /* Release */,
			);
			defaultConfigurationIsVisible = 0;
		};
		229D35201AB3781800A434C4 /* Build configuration list for PBXNativeTarget "MultiLevelSplitTests" */ = {
			isa = XCConfigurationList;
			buildConfigurations = (
				229D35211AB3781800A434C4 /* Debug */,
				229D35221AB3781800A434C4 /* Release */,
			);
			defaultConfigurationIsVisible = 0;
		};
/* End XCConfigurationList section */
	};
	rootObject = 229D34F41AB3781800A434C4 /* Project object */;
}
